
Microsoft Visual Studio Solution File, Format Version 12.00
# Visual Studio Version 17
VisualStudioVersion = 17.4.33403.182
MinimumVisualStudioVersion = 10.0.40219.1
Project("{FAE04EC0-301F-11D3-BF4B-00C04F79EFBC}") = "interfaces1-csharp", "interfaces1-csharp.csproj", "{A938E268-36B0-4664-A2F2-3A45C06F36FC}"
EndProject
Global
	GlobalSection(SolutionConfigurationPlatforms) = preSolution
		Debug|Any CPU = Debug|Any CPU
		Release|Any CPU = Release|Any CPU
	EndGlobalSection
	GlobalSection(ProjectConfigurationPlatforms) = postSolution
		{A938E268-36B0-4664-A2F2-3A45C06F36FC}.Debug|Any CPU.ActiveCfg = Debug|Any CPU
		{A938E268-36B0-4664-A2F2-3A45C06F36FC}.Debug|Any CPU.Build.0 = Debug|Any CPU
		{A938E268-36B0-4664-A2F2-3A45C06F36FC}.Release|Any CPU.ActiveCfg = Release|Any CPU
		{A938E268-36B0-4664-A2F2-3A45C06F36FC}.Release|Any CPU.Build.0 = Release|Any CPU
	EndGlobalSection
	GlobalSection(SolutionProperties) = preSolution
		HideSolutionNode = FALSE
	EndGlobalSection
	GlobalSection(ExtensibilityGlobals) = postSolution
		SolutionGuid = {39B60F38-9210-4127-83CF-9817A564763F}
	EndGlobalSection
EndGlobal
